// !$*UTF8*$!
{
	archiveVersion = 1;
	classes = {
	};
	objectVersion = 56;
	objects = {

/* Begin PBXBuildFile section */
		6CC3A1432B9F801600D56107 /* AppDelegate.swift in Sources */ = {isa = PBXBuildFile; fileRef = 6CC3A1422B9F801600D56107 /* AppDelegate.swift */; };
		6CC3A1452B9F801600D56107 /* SceneDelegate.swift in Sources */ = {isa = PBXBuildFile; fileRef = 6CC3A1442B9F801600D56107 /* SceneDelegate.swift */; };
		6CC3A1472B9F801600D56107 /* ViewController.swift in Sources */ = {isa = PBXBuildFile; fileRef = 6CC3A1462B9F801600D56107 /* ViewController.swift */; };
		6CC3A14A2B9F801600D56107 /* Main.storyboard in Resources */ = {isa = PBXBuildFile; fileRef = 6CC3A1482B9F801600D56107 /* Main.storyboard */; };
		6CC3A14C2B9F801C00D56107 /* Assets.xcassets in Resources */ = {isa = PBXBuildFile; fileRef = 6CC3A14B2B9F801C00D56107 /* Assets.xcassets */; };
		6CC3A14F2B9F801C00D56107 /* LaunchScreen.storyboard in Resources */ = {isa = PBXBuildFile; fileRef = 6CC3A14D2B9F801C00D56107 /* LaunchScreen.storyboard */; };
		6CC3A1572B9F806400D56107 /* UserProfile.swift in Sources */ = {isa = PBXBuildFile; fileRef = 6CC3A1562B9F806300D56107 /* UserProfile.swift */; };
		6CC3A1592B9F818D00D56107 /* UserProfile+Printing.swift in Sources */ = {isa = PBXBuildFile; fileRef = 6CC3A1582B9F818D00D56107 /* UserProfile+Printing.swift */; };
		6CC3A15B2B9F81D600D56107 /* UserProfile+Info.swift in Sources */ = {isa = PBXBuildFile; fileRef = 6CC3A15A2B9F81D600D56107 /* UserProfile+Info.swift */; };
		6CC3A15E2B9F83DB00D56107 /* UserProfile+UserType.swift in Sources */ = {isa = PBXBuildFile; fileRef = 6CC3A15D2B9F83DB00D56107 /* UserProfile+UserType.swift */; };
		6CC3A1622B9F85F900D56107 /* UIColor+Ext.swift in Sources */ = {isa = PBXBuildFile; fileRef = 6CC3A1612B9F85F900D56107 /* UIColor+Ext.swift */; };
/* End PBXBuildFile section */

/* Begin PBXFileReference section */
		6CC3A13F2B9F801600D56107 /* Lesson-7_Project.app */ = {isa = PBXFileReference; explicitFileType = wrapper.application; includeInIndex = 0; path = "Lesson-7_Project.app"; sourceTree = BUILT_PRODUCTS_DIR; };
		6CC3A1422B9F801600D56107 /* AppDelegate.swift */ = {isa = PBXFileReference; lastKnownFileType = sourcecode.swift; path = AppDelegate.swift; sourceTree = "<group>"; };
		6CC3A1442B9F801600D56107 /* SceneDelegate.swift */ = {isa = PBXFileReference; lastKnownFileType = sourcecode.swift; path = SceneDelegate.swift; sourceTree = "<group>"; };
		6CC3A1462B9F801600D56107 /* ViewController.swift */ = {isa = PBXFileReference; lastKnownFileType = sourcecode.swift; path = ViewController.swift; sourceTree = "<group>"; };
		6CC3A1492B9F801600D56107 /* Base */ = {isa = PBXFileReference; lastKnownFileType = file.storyboard; name = Base; path = Base.lproj/Main.storyboard; sourceTree = "<group>"; };
		6CC3A14B2B9F801C00D56107 /* Assets.xcassets */ = {isa = PBXFileReference; lastKnownFileType = folder.assetcatalog; path = Assets.xcassets; sourceTree = "<group>"; };
		6CC3A14E2B9F801C00D56107 /* Base */ = {isa = PBXFileReference; lastKnownFileType = file.storyboard; name = Base; path = Base.lproj/LaunchScreen.storyboard; sourceTree = "<group>"; };
		6CC3A1502B9F801C00D56107 /* Info.plist */ = {isa = PBXFileReference; lastKnownFileType = text.plist.xml; path = Info.plist; sourceTree = "<group>"; };
		6CC3A1562B9F806300D56107 /* UserProfile.swift */ = {isa = PBXFileReference; lastKnownFileType = sourcecode.swift; path = UserProfile.swift; sourceTree = "<group>"; };
		6CC3A1582B9F818D00D56107 /* UserProfile+Printing.swift */ = {isa = PBXFileReference; lastKnownFileType = sourcecode.swift; path = "UserProfile+Printing.swift"; sourceTree = "<group>"; };
		6CC3A15A2B9F81D600D56107 /* UserProfile+Info.swift */ = {isa = PBXFileReference; lastKnownFileType = sourcecode.swift; path = "UserProfile+Info.swift"; sourceTree = "<group>"; };
		6CC3A15D2B9F83DB00D56107 /* UserProfile+UserType.swift */ = {isa = PBXFileReference; lastKnownFileType = sourcecode.swift; path = "UserProfile+UserType.swift"; sourceTree = "<group>"; };
		6CC3A1612B9F85F900D56107 /* UIColor+Ext.swift */ = {isa = PBXFileReference; lastKnownFileType = sourcecode.swift; path = "UIColor+Ext.swift"; sourceTree = "<group>"; };
/* End PBXFileReference section */

/* Begin PBXFrameworksBuildPhase section */
		6CC3A13C2B9F801600D56107 /* Frameworks */ = {
			isa = PBXFrameworksBuildPhase;
			buildActionMask = 2147483647;
			files = (
			);
			runOnlyForDeploymentPostprocessing = 0;
		};
/* End PBXFrameworksBuildPhase section */

/* Begin PBXGroup section */
		6CC3A1362B9F801500D56107 = {
			isa = PBXGroup;
			children = (
				6CC3A1412B9F801600D56107 /* Lesson-7_Project */,
				6CC3A1402B9F801600D56107 /* Products */,
			);
			sourceTree = "<group>";
		};
		6CC3A1402B9F801600D56107 /* Products */ = {
			isa = PBXGroup;
			children = (
				6CC3A13F2B9F801600D56107 /* Lesson-7_Project.app */,
			);
			name = Products;
			sourceTree = "<group>";
		};
		6CC3A1412B9F801600D56107 /* Lesson-7_Project */ = {
			isa = PBXGroup;
			children = (
				6CC3A1602B9F857200D56107 /* Extension */,
				6CC3A1422B9F801600D56107 /* AppDelegate.swift */,
				6CC3A1442B9F801600D56107 /* SceneDelegate.swift */,
				6CC3A1462B9F801600D56107 /* ViewController.swift */,
				6CC3A15C2B9F820E00D56107 /* Models */,
				6CC3A1482B9F801600D56107 /* Main.storyboard */,
				6CC3A14B2B9F801C00D56107 /* Assets.xcassets */,
				6CC3A14D2B9F801C00D56107 /* LaunchScreen.storyboard */,
				6CC3A1502B9F801C00D56107 /* Info.plist */,
			);
			path = "Lesson-7_Project";
			sourceTree = "<group>";
		};
		6CC3A15C2B9F820E00D56107 /* Models */ = {
			isa = PBXGroup;
			children = (
				6CC3A1562B9F806300D56107 /* UserProfile.swift */,
				6CC3A1582B9F818D00D56107 /* UserProfile+Printing.swift */,
				6CC3A15A2B9F81D600D56107 /* UserProfile+Info.swift */,
				6CC3A15D2B9F83DB00D56107 /* UserProfile+UserType.swift */,
			);
			path = Models;
			sourceTree = "<group>";
		};
		6CC3A1602B9F857200D56107 /* Extension */ = {
			isa = PBXGroup;
			children = (
				6CC3A1612B9F85F900D56107 /* UIColor+Ext.swift */,
			);
			path = Extension;
			sourceTree = "<group>";
		};
/* End PBXGroup section */

/* Begin PBXNativeTarget section */
		6CC3A13E2B9F801600D56107 /* Lesson-7_Project */ = {
			isa = PBXNativeTarget;
			buildConfigurationList = 6CC3A1532B9F801C00D56107 /* Build configuration list for PBXNativeTarget "Lesson-7_Project" */;
			buildPhases = (
				6CC3A13B2B9F801600D56107 /* Sources */,
				6CC3A13C2B9F801600D56107 /* Frameworks */,
				6CC3A13D2B9F801600D56107 /* Resources */,
			);
			buildRules = (
			);
			dependencies = (
			);
			name = "Lesson-7_Project";
			productName = "Lesson-7_Project";
			productReference = 6CC3A13F2B9F801600D56107 /* Lesson-7_Project.app */;
			productType = "com.apple.product-type.application";
		};
/* End PBXNativeTarget section */

/* Begin PBXProject section */
		6CC3A1372B9F801500D56107 /* Project object */ = {
			isa = PBXProject;
			attributes = {
				BuildIndependentTargetsInParallel = 1;
				LastSwiftUpdateCheck = 1430;
				LastUpgradeCheck = 1430;
				TargetAttributes = {
					6CC3A13E2B9F801600D56107 = {
						CreatedOnToolsVersion = 14.3;
					};
				};
			};
			buildConfigurationList = 6CC3A13A2B9F801500D56107 /* Build configuration list for PBXProject "Lesson-7_Project" */;
			compatibilityVersion = "Xcode 14.0";
			developmentRegion = en;
			hasScannedForEncodings = 0;
			knownRegions = (
				en,
				Base,
			);
			mainGroup = 6CC3A1362B9F801500D56107;
			productRefGroup = 6CC3A1402B9F801600D56107 /* Products */;
			projectDirPath = "";
			projectRoot = "";
			targets = (
				6CC3A13E2B9F801600D56107 /* Lesson-7_Project */,
			);
		};
/* End PBXProject section */

/* Begin PBXResourcesBuildPhase section */
		6CC3A13D2B9F801600D56107 /* Resources */ = {
			isa = PBXResourcesBuildPhase;
			buildActionMask = 2147483647;
			files = (
				6CC3A14F2B9F801C00D56107 /* LaunchScreen.storyboard in Resources */,
				6CC3A14C2B9F801C00D56107 /* Assets.xcassets in Resources */,
				6CC3A14A2B9F801600D56107 /* Main.storyboard in Resources */,
			);
			runOnlyForDeploymentPostprocessing = 0;
		};
/* End PBXResourcesBuildPhase section */

/* Begin PBXSourcesBuildPhase section */
		6CC3A13B2B9F801600D56107 /* Sources */ = {
			isa = PBXSourcesBuildPhase;
			buildActionMask = 2147483647;
			files = (
				6CC3A1572B9F806400D56107 /* UserProfile.swift in Sources */,
				6CC3A1472B9F801600D56107 /* ViewController.swift in Sources */,
				6CC3A1432B9F801600D56107 /* AppDelegate.swift in Sources */,
				6CC3A1452B9F801600D56107 /* SceneDelegate.swift in Sources */,
				6CC3A15E2B9F83DB00D56107 /* UserProfile+UserType.swift in Sources */,
				6CC3A1622B9F85F900D56107 /* UIColor+Ext.swift in Sources */,
				6CC3A15B2B9F81D600D56107 /* UserProfile+Info.swift in Sources */,
				6CC3A1592B9F818D00D56107 /* UserProfile+Printing.swift in Sources */,
			);
			runOnlyForDeploymentPostprocessing = 0;
		};
/* End PBXSourcesBuildPhase section */

/* Begin PBXVariantGroup section */
		6CC3A1482B9F801600D56107 /* Main.storyboard */ = {
			isa = PBXVariantGroup;
			children = (
				6CC3A1492B9F801600D56107 /* Base */,
			);
			name = Main.storyboard;
			sourceTree = "<group>";
		};
		6CC3A14D2B9F801C00D56107 /* LaunchScreen.storyboard */ = {
			isa = PBXVariantGroup;
			children = (
				6CC3A14E2B9F801C00D56107 /* Base */,
			);
			name = LaunchScreen.storyboard;
			sourceTree = "<group>";
		};
/* End PBXVariantGroup section */

/* Begin XCBuildConfiguration section */
		6CC3A1512B9F801C00D56107 /* Debug */ = {
			isa = XCBuildConfiguration;
			buildSettings = {
				ALWAYS_SEARCH_USER_PATHS = NO;
				CLANG_ANALYZER_NONNULL = YES;
				CLANG_ANALYZER_NUMBER_OBJECT_CONVERSION = YES_AGGRESSIVE;
				CLANG_CXX_LANGUAGE_STANDARD = "gnu++20";
				CLANG_ENABLE_MODULES = YES;
				CLANG_ENABLE_OBJC_ARC = YES;
				CLANG_ENABLE_OBJC_WEAK = YES;
				CLANG_WARN_BLOCK_CAPTURE_AUTORELEASING = YES;
				CLANG_WARN_BOOL_CONVERSION = YES;
				CLANG_WARN_COMMA = YES;
				CLANG_WARN_CONSTANT_CONVERSION = YES;
				CLANG_WARN_DEPRECATED_OBJC_IMPLEMENTATIONS = YES;
				CLANG_WARN_DIRECT_OBJC_ISA_USAGE = YES_ERROR;
				CLANG_WARN_DOCUMENTATION_COMMENTS = YES;
				CLANG_WARN_EMPTY_BODY = YES;
				CLANG_WARN_ENUM_CONVERSION = YES;
				CLANG_WARN_INFINITE_RECURSION = YES;
				CLANG_WARN_INT_CONVERSION = YES;
				CLANG_WARN_NON_LITERAL_NULL_CONVERSION = YES;
				CLANG_WARN_OBJC_IMPLICIT_RETAIN_SELF = YES;
				CLANG_WARN_OBJC_LITERAL_CONVERSION = YES;
				CLANG_WARN_OBJC_ROOT_CLASS = YES_ERROR;
				CLANG_WARN_QUOTED_INCLUDE_IN_FRAMEWORK_HEADER = YES;
				CLANG_WARN_RANGE_LOOP_ANALYSIS = YES;
				CLANG_WARN_STRICT_PROTOTYPES = YES;
				CLANG_WARN_SUSPICIOUS_MOVE = YES;
				CLANG_WARN_UNGUARDED_AVAILABILITY = YES_AGGRESSIVE;
				CLANG_WARN_UNREACHABLE_CODE = YES;
				CLANG_WARN__DUPLICATE_METHOD_MATCH = YES;
				COPY_PHASE_STRIP = NO;
				DEBUG_INFORMATION_FORMAT = dwarf;
				ENABLE_STRICT_OBJC_MSGSEND = YES;
				ENABLE_TESTABILITY = YES;
				GCC_C_LANGUAGE_STANDARD = gnu11;
				GCC_DYNAMIC_NO_PIC = NO;
				GCC_NO_COMMON_BLOCKS = YES;
				GCC_OPTIMIZATION_LEVEL = 0;
				GCC_PREPROCESSOR_DEFINITIONS = (
					"DEBUG=1",
					"$(inherited)",
				);
				GCC_WARN_64_TO_32_BIT_CONVERSION = YES;
				GCC_WARN_ABOUT_RETURN_TYPE = YES_ERROR;
				GCC_WARN_UNDECLARED_SELECTOR = YES;
				GCC_WARN_UNINITIALIZED_AUTOS = YES_AGGRESSIVE;
				GCC_WARN_UNUSED_FUNCTION = YES;
				GCC_WARN_UNUSED_VARIABLE = YES;
				IPHONEOS_DEPLOYMENT_TARGET = 16.4;
				MTL_ENABLE_DEBUG_INFO = INCLUDE_SOURCE;
				MTL_FAST_MATH = YES;
				ONLY_ACTIVE_ARCH = YES;
				SDKROOT = iphoneos;
				SWIFT_ACTIVE_COMPILATION_CONDITIONS = DEBUG;
				SWIFT_OPTIMIZATION_LEVEL = "-Onone";
			};
			name = Debug;
		};
		6CC3A1522B9F801C00D56107 /* Release */ = {
			isa = XCBuildConfiguration;
			buildSettings = {
				ALWAYS_SEARCH_USER_PATHS = NO;
				CLANG_ANALYZER_NONNULL = YES;
				CLANG_ANALYZER_NUMBER_OBJECT_CONVERSION = YES_AGGRESSIVE;
				CLANG_CXX_LANGUAGE_STANDARD = "gnu++20";
				CLANG_ENABLE_MODULES = YES;
				CLANG_ENABLE_OBJC_ARC = YES;
				CLANG_ENABLE_OBJC_WEAK = YES;
				CLANG_WARN_BLOCK_CAPTURE_AUTORELEASING = YES;
				CLANG_WARN_BOOL_CONVERSION = YES;
				CLANG_WARN_COMMA = YES;
				CLANG_WARN_CONSTANT_CONVERSION = YES;
				CLANG_WARN_DEPRECATED_OBJC_IMPLEMENTATIONS = YES;
				CLANG_WARN_DIRECT_OBJC_ISA_USAGE = YES_ERROR;
				CLANG_WARN_DOCUMENTATION_COMMENTS = YES;
				CLANG_WARN_EMPTY_BODY = YES;
				CLANG_WARN_ENUM_CONVERSION = YES;
				CLANG_WARN_INFINITE_RECURSION = YES;
				CLANG_WARN_INT_CONVERSION = YES;
				CLANG_WARN_NON_LITERAL_NULL_CONVERSION = YES;
				CLANG_WARN_OBJC_IMPLICIT_RETAIN_SELF = YES;
				CLANG_WARN_OBJC_LITERAL_CONVERSION = YES;
				CLANG_WARN_OBJC_ROOT_CLASS = YES_ERROR;
				CLANG_WARN_QUOTED_INCLUDE_IN_FRAMEWORK_HEADER = YES;
				CLANG_WARN_RANGE_LOOP_ANALYSIS = YES;
				CLANG_WARN_STRICT_PROTOTYPES = YES;
				CLANG_WARN_SUSPICIOUS_MOVE = YES;
				CLANG_WARN_UNGUARDED_AVAILABILITY = YES_AGGRESSIVE;
				CLANG_WARN_UNREACHABLE_CODE = YES;
				CLANG_WARN__DUPLICATE_METHOD_MATCH = YES;
				COPY_PHASE_STRIP = NO;
				DEBUG_INFORMATION_FORMAT = "dwarf-with-dsym";
				ENABLE_NS_ASSERTIONS = NO;
				ENABLE_STRICT_OBJC_MSGSEND = YES;
				GCC_C_LANGUAGE_STANDARD = gnu11;
				GCC_NO_COMMON_BLOCKS = YES;
				GCC_WARN_64_TO_32_BIT_CONVERSION = YES;
				GCC_WARN_ABOUT_RETURN_TYPE = YES_ERROR;
				GCC_WARN_UNDECLARED_SELECTOR = YES;
				GCC_WARN_UNINITIALIZED_AUTOS = YES_AGGRESSIVE;
				GCC_WARN_UNUSED_FUNCTION = YES;
				GCC_WARN_UNUSED_VARIABLE = YES;
				IPHONEOS_DEPLOYMENT_TARGET = 16.4;
				MTL_ENABLE_DEBUG_INFO = NO;
				MTL_FAST_MATH = YES;
				SDKROOT = iphoneos;
				SWIFT_COMPILATION_MODE = wholemodule;
				SWIFT_OPTIMIZATION_LEVEL = "-O";
				VALIDATE_PRODUCT = YES;
			};
			name = Release;
		};
		6CC3A1542B9F801C00D56107 /* Debug */ = {
			isa = XCBuildConfiguration;
			buildSettings = {
				ASSETCATALOG_COMPILER_APPICON_NAME = AppIcon;
				ASSETCATALOG_COMPILER_GLOBAL_ACCENT_COLOR_NAME = AccentColor;
				CODE_SIGN_STYLE = Automatic;
				CURRENT_PROJECT_VERSION = 1;
				DEVELOPMENT_TEAM = 5G9A582T98;
				GENERATE_INFOPLIST_FILE = YES;
				INFOPLIST_FILE = "Lesson-7_Project/Info.plist";
				INFOPLIST_KEY_UIApplicationSupportsIndirectInputEvents = YES;
				INFOPLIST_KEY_UILaunchStoryboardName = LaunchScreen;
				INFOPLIST_KEY_UIMainStoryboardFile = Main;
				INFOPLIST_KEY_UISupportedInterfaceOrientations_iPad = "UIInterfaceOrientationPortrait UIInterfaceOrientationPortraitUpsideDown UIInterfaceOrientationLandscapeLeft UIInterfaceOrientationLandscapeRight";
				INFOPLIST_KEY_UISupportedInterfaceOrientations_iPhone = "UIInterfaceOrientationPortrait UIInterfaceOrientationLandscapeLeft UIInterfaceOrientationLandscapeRight";
				LD_RUNPATH_SEARCH_PATHS = (
					"$(inherited)",
					"@executable_path/Frameworks",
				);
				MARKETING_VERSION = 1.0;
				PRODUCT_BUNDLE_IDENTIFIER = "iOSCourse-CHISW.Lesson-7-Project";
				PRODUCT_NAME = "$(TARGET_NAME)";
				SWIFT_EMIT_LOC_STRINGS = YES;
				SWIFT_VERSION = 5.0;
				TARGETED_DEVICE_FAMILY = "1,2";
			};
			name = Debug;
		};
		6CC3A1552B9F801C00D56107 /* Release */ = {
			isa = XCBuildConfiguration;
			buildSettings = {
				ASSETCATALOG_COMPILER_APPICON_NAME = AppIcon;
				ASSETCATALOG_COMPILER_GLOBAL_ACCENT_COLOR_NAME = AccentColor;
				CODE_SIGN_STYLE = Automatic;
				CURRENT_PROJECT_VERSION = 1;
				DEVELOPMENT_TEAM = 5G9A582T98;
				GENERATE_INFOPLIST_FILE = YES;
				INFOPLIST_FILE = "Lesson-7_Project/Info.plist";
				INFOPLIST_KEY_UIApplicationSupportsIndirectInputEvents = YES;
				INFOPLIST_KEY_UILaunchStoryboardName = LaunchScreen;
				INFOPLIST_KEY_UIMainStoryboardFile = Main;
				INFOPLIST_KEY_UISupportedInterfaceOrientations_iPad = "UIInterfaceOrientationPortrait UIInterfaceOrientationPortraitUpsideDown UIInterfaceOrientationLandscapeLeft UIInterfaceOrientationLandscapeRight";
				INFOPLIST_KEY_UISupportedInterfaceOrientations_iPhone = "UIInterfaceOrientationPortrait UIInterfaceOrientationLandscapeLeft UIInterfaceOrientationLandscapeRight";
				LD_RUNPATH_SEARCH_PATHS = (
					"$(inherited)",
					"@executable_path/Frameworks",
				);
				MARKETING_VERSION = 1.0;
				PRODUCT_BUNDLE_IDENTIFIER = "iOSCourse-CHISW.Lesson-7-Project";
				PRODUCT_NAME = "$(TARGET_NAME)";
				SWIFT_EMIT_LOC_STRINGS = YES;
				SWIFT_VERSION = 5.0;
				TARGETED_DEVICE_FAMILY = "1,2";
			};
			name = Release;
		};
/* End XCBuildConfiguration section */

/* Begin XCConfigurationList section */
		6CC3A13A2B9F801500D56107 /* Build configuration list for PBXProject "Lesson-7_Project" */ = {
			isa = XCConfigurationList;
			buildConfigurations = (
				6CC3A1512B9F801C00D56107 /* Debug */,
				6CC3A1522B9F801C00D56107 /* Release */,
			);
			defaultConfigurationIsVisible = 0;
			defaultConfigurationName = Release;
		};
		6CC3A1532B9F801C00D56107 /* Build configuration list for PBXNativeTarget "Lesson-7_Project" */ = {
			isa = XCConfigurationList;
			buildConfigurations = (
				6CC3A1542B9F801C00D56107 /* Debug */,
				6CC3A1552B9F801C00D56107 /* Release */,
			);
			defaultConfigurationIsVisible = 0;
			defaultConfigurationName = Release;
		};
/* End XCConfigurationList section */
	};
	rootObject = 6CC3A1372B9F801500D56107 /* Project object */;
}
